
Microsoft Visual Studio Solution File, Format Version 12.00
# Visual Studio Version 17
VisualStudioVersion = 17.7.34031.279
MinimumVisualStudioVersion = 10.0.40219.1
Project("{FAE04EC0-301F-11D3-BF4B-00C04F79EFBC}") = "Odev", "Odev\Odev.csproj", "{ACCF6C39-8F25-4F04-98C4-18E755FC646F}"
EndProject
Global
	GlobalSection(SolutionConfigurationPlatforms) = preSolution
		Debug|Any CPU = Debug|Any CPU
		Release|Any CPU = Release|Any CPU
	EndGlobalSection
	GlobalSection(ProjectConfigurationPlatforms) = postSolution
		{ACCF6C39-8F25-4F04-98C4-18E755FC646F}.Debug|Any CPU.ActiveCfg = Debug|Any CPU
		{ACCF6C39-8F25-4F04-98C4-18E755FC646F}.Debug|Any CPU.Build.0 = Debug|Any CPU
		{ACCF6C39-8F25-4F04-98C4-18E755FC646F}.Release|Any CPU.ActiveCfg = Release|Any CPU
		{ACCF6C39-8F25-4F04-98C4-18E755FC646F}.Release|Any CPU.Build.0 = Release|Any CPU
	EndGlobalSection
	GlobalSection(SolutionProperties) = preSolution
		HideSolutionNode = FALSE
	EndGlobalSection
	GlobalSection(ExtensibilityGlobals) = postSolution
		SolutionGuid = {2B8579CE-879C-4D8C-B9A6-E0F5D388FA3B}
	EndGlobalSection
EndGlobal
